// !$*UTF8*$!
{
	archiveVersion = 1;
	classes = {
	};
	objectVersion = 50;
	objects = {

/* Begin PBXBuildFile section */
		D35FEA3E26166D5B00AF041D /* main.c in Sources */ = {isa = PBXBuildFile; fileRef = D35FEA3D26166D5B00AF041D /* main.c */; };
		D3B8EF4026168A3B00F61313 /* libgtk-3.dylib in Frameworks */ = {isa = PBXBuildFile; fileRef = D3B8EF3F26168A3B00F61313 /* libgtk-3.dylib */; };
		D3B8EF4226168A4900F61313 /* libpangocairo-1.0.dylib in Frameworks */ = {isa = PBXBuildFile; fileRef = D3B8EF4126168A4900F61313 /* libpangocairo-1.0.dylib */; };
		D3B8EF4426168A5800F61313 /* libgdk-3.dylib in Frameworks */ = {isa = PBXBuildFile; fileRef = D3B8EF4326168A5800F61313 /* libgdk-3.dylib */; };
		D3B8EF4626168A6A00F61313 /* libpango-1.0.dylib in Frameworks */ = {isa = PBXBuildFile; fileRef = D3B8EF4526168A6A00F61313 /* libpango-1.0.dylib */; };
		D3B8EF4826168A7A00F61313 /* libharfbuzz.dylib in Frameworks */ = {isa = PBXBuildFile; fileRef = D3B8EF4726168A7A00F61313 /* libharfbuzz.dylib */; };
		D3B8EF4A26168A8700F61313 /* libatk-1.0.dylib in Frameworks */ = {isa = PBXBuildFile; fileRef = D3B8EF4926168A8700F61313 /* libatk-1.0.dylib */; };
		D3B8EF4C26168A9F00F61313 /* libcairo-gobject.dylib in Frameworks */ = {isa = PBXBuildFile; fileRef = D3B8EF4B26168A9F00F61313 /* libcairo-gobject.dylib */; };
		D3B8EF4E26168AAA00F61313 /* libcairo.dylib in Frameworks */ = {isa = PBXBuildFile; fileRef = D3B8EF4D26168AAA00F61313 /* libcairo.dylib */; };
		D3B8EF5026168AB600F61313 /* libgdk_pixbuf-2.0.dylib in Frameworks */ = {isa = PBXBuildFile; fileRef = D3B8EF4F26168AB600F61313 /* libgdk_pixbuf-2.0.dylib */; };
		D3B8EF5226168AC900F61313 /* libgio-2.0.dylib in Frameworks */ = {isa = PBXBuildFile; fileRef = D3B8EF5126168AC900F61313 /* libgio-2.0.dylib */; };
		D3B8EF5426168AD300F61313 /* libgobject-2.0.dylib in Frameworks */ = {isa = PBXBuildFile; fileRef = D3B8EF5326168AD300F61313 /* libgobject-2.0.dylib */; };
		D3B8EF5626168ADC00F61313 /* libglib-2.0.dylib in Frameworks */ = {isa = PBXBuildFile; fileRef = D3B8EF5526168ADC00F61313 /* libglib-2.0.dylib */; };
		D3B8EF5826168AE800F61313 /* libintl.dylib in Frameworks */ = {isa = PBXBuildFile; fileRef = D3B8EF5726168AE800F61313 /* libintl.dylib */; };
/* End PBXBuildFile section */

/* Begin PBXCopyFilesBuildPhase section */
		D35FEA3826166D5B00AF041D /* CopyFiles */ = {
			isa = PBXCopyFilesBuildPhase;
			buildActionMask = 2147483647;
			dstPath = /usr/share/man/man1/;
			dstSubfolderSpec = 0;
			files = (
			);
			runOnlyForDeploymentPostprocessing = 1;
		};
/* End PBXCopyFilesBuildPhase section */

/* Begin PBXFileReference section */
		D3364F0B26168F63005F9E4E /* GTK3_Test.entitlements */ = {isa = PBXFileReference; lastKnownFileType = text.plist.entitlements; path = GTK3_Test.entitlements; sourceTree = "<group>"; };
		D35FEA3A26166D5B00AF041D /* GTK3_Test */ = {isa = PBXFileReference; explicitFileType = "compiled.mach-o.executable"; includeInIndex = 0; path = GTK3_Test; sourceTree = BUILT_PRODUCTS_DIR; };
		D35FEA3D26166D5B00AF041D /* main.c */ = {isa = PBXFileReference; lastKnownFileType = sourcecode.c.c; path = main.c; sourceTree = "<group>"; };
		D3B8EF3D261689DE00F61313 /* libgtk-3.0.dylib */ = {isa = PBXFileReference; lastKnownFileType = "compiled.mach-o.dylib"; name = "libgtk-3.0.dylib"; path = "../../../gtk/inst/lib/libgtk-3.0.dylib"; sourceTree = "<group>"; };
		D3B8EF3F26168A3B00F61313 /* libgtk-3.dylib */ = {isa = PBXFileReference; lastKnownFileType = "compiled.mach-o.dylib"; name = "libgtk-3.dylib"; path = "../../../gtk/inst/lib/libgtk-3.dylib"; sourceTree = "<group>"; };
		D3B8EF4126168A4900F61313 /* libpangocairo-1.0.dylib */ = {isa = PBXFileReference; lastKnownFileType = "compiled.mach-o.dylib"; name = "libpangocairo-1.0.dylib"; path = "../../../gtk/inst/lib/libpangocairo-1.0.dylib"; sourceTree = "<group>"; };
		D3B8EF4326168A5800F61313 /* libgdk-3.dylib */ = {isa = PBXFileReference; lastKnownFileType = "compiled.mach-o.dylib"; name = "libgdk-3.dylib"; path = "../../../gtk/inst/lib/libgdk-3.dylib"; sourceTree = "<group>"; };
		D3B8EF4526168A6A00F61313 /* libpango-1.0.dylib */ = {isa = PBXFileReference; lastKnownFileType = "compiled.mach-o.dylib"; name = "libpango-1.0.dylib"; path = "../../../gtk/inst/lib/libpango-1.0.dylib"; sourceTree = "<group>"; };
		D3B8EF4726168A7A00F61313 /* libharfbuzz.dylib */ = {isa = PBXFileReference; lastKnownFileType = "compiled.mach-o.dylib"; name = libharfbuzz.dylib; path = ../../../gtk/inst/lib/libharfbuzz.dylib; sourceTree = "<group>"; };
		D3B8EF4926168A8700F61313 /* libatk-1.0.dylib */ = {isa = PBXFileReference; lastKnownFileType = "compiled.mach-o.dylib"; name = "libatk-1.0.dylib"; path = "../../../gtk/inst/lib/libatk-1.0.dylib"; sourceTree = "<group>"; };
		D3B8EF4B26168A9F00F61313 /* libcairo-gobject.dylib */ = {isa = PBXFileReference; lastKnownFileType = "compiled.mach-o.dylib"; name = "libcairo-gobject.dylib"; path = "../../../gtk/inst/lib/libcairo-gobject.dylib"; sourceTree = "<group>"; };
		D3B8EF4D26168AAA00F61313 /* libcairo.dylib */ = {isa = PBXFileReference; lastKnownFileType = "compiled.mach-o.dylib"; name = libcairo.dylib; path = ../../../gtk/inst/lib/libcairo.dylib; sourceTree = "<group>"; };
		D3B8EF4F26168AB600F61313 /* libgdk_pixbuf-2.0.dylib */ = {isa = PBXFileReference; lastKnownFileType = "compiled.mach-o.dylib"; name = "libgdk_pixbuf-2.0.dylib"; path = "../../../gtk/inst/lib/libgdk_pixbuf-2.0.dylib"; sourceTree = "<group>"; };
		D3B8EF5126168AC900F61313 /* libgio-2.0.dylib */ = {isa = PBXFileReference; lastKnownFileType = "compiled.mach-o.dylib"; name = "libgio-2.0.dylib"; path = "../../../gtk/inst/lib/libgio-2.0.dylib"; sourceTree = "<group>"; };
		D3B8EF5326168AD300F61313 /* libgobject-2.0.dylib */ = {isa = PBXFileReference; lastKnownFileType = "compiled.mach-o.dylib"; name = "libgobject-2.0.dylib"; path = "../../../gtk/inst/lib/libgobject-2.0.dylib"; sourceTree = "<group>"; };
		D3B8EF5526168ADC00F61313 /* libglib-2.0.dylib */ = {isa = PBXFileReference; lastKnownFileType = "compiled.mach-o.dylib"; name = "libglib-2.0.dylib"; path = "../../../gtk/inst/lib/libglib-2.0.dylib"; sourceTree = "<group>"; };
		D3B8EF5726168AE800F61313 /* libintl.dylib */ = {isa = PBXFileReference; lastKnownFileType = "compiled.mach-o.dylib"; name = libintl.dylib; path = ../../../gtk/inst/lib/libintl.dylib; sourceTree = "<group>"; };
/* End PBXFileReference section */

/* Begin PBXFrameworksBuildPhase section */
		D35FEA3726166D5B00AF041D /* Frameworks */ = {
			isa = PBXFrameworksBuildPhase;
			buildActionMask = 2147483647;
			files = (
				D3B8EF4626168A6A00F61313 /* libpango-1.0.dylib in Frameworks */,
				D3B8EF4026168A3B00F61313 /* libgtk-3.dylib in Frameworks */,
				D3B8EF4A26168A8700F61313 /* libatk-1.0.dylib in Frameworks */,
				D3B8EF4E26168AAA00F61313 /* libcairo.dylib in Frameworks */,
				D3B8EF5626168ADC00F61313 /* libglib-2.0.dylib in Frameworks */,
				D3B8EF4C26168A9F00F61313 /* libcairo-gobject.dylib in Frameworks */,
				D3B8EF5226168AC900F61313 /* libgio-2.0.dylib in Frameworks */,
				D3B8EF4826168A7A00F61313 /* libharfbuzz.dylib in Frameworks */,
				D3B8EF5826168AE800F61313 /* libintl.dylib in Frameworks */,
				D3B8EF5426168AD300F61313 /* libgobject-2.0.dylib in Frameworks */,
				D3B8EF5026168AB600F61313 /* libgdk_pixbuf-2.0.dylib in Frameworks */,
				D3B8EF4226168A4900F61313 /* libpangocairo-1.0.dylib in Frameworks */,
				D3B8EF4426168A5800F61313 /* libgdk-3.dylib in Frameworks */,
			);
			runOnlyForDeploymentPostprocessing = 0;
		};
/* End PBXFrameworksBuildPhase section */

/* Begin PBXGroup section */
		D35FEA3126166D5B00AF041D = {
			isa = PBXGroup;
			children = (
				D35FEA3C26166D5B00AF041D /* GTK3_Test */,
				D35FEA3B26166D5B00AF041D /* Products */,
				D3B8EF3C261689DE00F61313 /* Frameworks */,
			);
			sourceTree = "<group>";
		};
		D35FEA3B26166D5B00AF041D /* Products */ = {
			isa = PBXGroup;
			children = (
				D35FEA3A26166D5B00AF041D /* GTK3_Test */,
			);
			name = Products;
			sourceTree = "<group>";
		};
		D35FEA3C26166D5B00AF041D /* GTK3_Test */ = {
			isa = PBXGroup;
			children = (
				D3364F0B26168F63005F9E4E /* GTK3_Test.entitlements */,
				D35FEA3D26166D5B00AF041D /* main.c */,
			);
			path = GTK3_Test;
			sourceTree = "<group>";
		};
		D3B8EF3C261689DE00F61313 /* Frameworks */ = {
			isa = PBXGroup;
			children = (
				D3B8EF5726168AE800F61313 /* libintl.dylib */,
				D3B8EF5526168ADC00F61313 /* libglib-2.0.dylib */,
				D3B8EF5326168AD300F61313 /* libgobject-2.0.dylib */,
				D3B8EF5126168AC900F61313 /* libgio-2.0.dylib */,
				D3B8EF4F26168AB600F61313 /* libgdk_pixbuf-2.0.dylib */,
				D3B8EF4D26168AAA00F61313 /* libcairo.dylib */,
				D3B8EF4B26168A9F00F61313 /* libcairo-gobject.dylib */,
				D3B8EF4926168A8700F61313 /* libatk-1.0.dylib */,
				D3B8EF4726168A7A00F61313 /* libharfbuzz.dylib */,
				D3B8EF4526168A6A00F61313 /* libpango-1.0.dylib */,
				D3B8EF4326168A5800F61313 /* libgdk-3.dylib */,
				D3B8EF4126168A4900F61313 /* libpangocairo-1.0.dylib */,
				D3B8EF3F26168A3B00F61313 /* libgtk-3.dylib */,
				D3B8EF3D261689DE00F61313 /* libgtk-3.0.dylib */,
			);
			name = Frameworks;
			sourceTree = "<group>";
		};
/* End PBXGroup section */

/* Begin PBXNativeTarget section */
		D35FEA3926166D5B00AF041D /* GTK3_Test */ = {
			isa = PBXNativeTarget;
			buildConfigurationList = D35FEA4126166D5B00AF041D /* Build configuration list for PBXNativeTarget "GTK3_Test" */;
			buildPhases = (
				D35FEA3626166D5B00AF041D /* Sources */,
				D35FEA3726166D5B00AF041D /* Frameworks */,
				D35FEA3826166D5B00AF041D /* CopyFiles */,
			);
			buildRules = (
			);
			dependencies = (
			);
			name = GTK3_Test;
			productName = GTK3_Test;
			productReference = D35FEA3A26166D5B00AF041D /* GTK3_Test */;
			productType = "com.apple.product-type.tool";
		};
/* End PBXNativeTarget section */

/* Begin PBXProject section */
		D35FEA3226166D5B00AF041D /* Project object */ = {
			isa = PBXProject;
			attributes = {
				LastUpgradeCheck = 1240;
				TargetAttributes = {
					D35FEA3926166D5B00AF041D = {
						CreatedOnToolsVersion = 12.4;
					};
				};
			};
			buildConfigurationList = D35FEA3526166D5B00AF041D /* Build configuration list for PBXProject "GTK3_Test" */;
			compatibilityVersion = "Xcode 9.3";
			developmentRegion = en;
			hasScannedForEncodings = 0;
			knownRegions = (
				en,
				Base,
			);
			mainGroup = D35FEA3126166D5B00AF041D;
			productRefGroup = D35FEA3B26166D5B00AF041D /* Products */;
			projectDirPath = "";
			projectRoot = "";
			targets = (
				D35FEA3926166D5B00AF041D /* GTK3_Test */,
			);
		};
/* End PBXProject section */

/* Begin PBXSourcesBuildPhase section */
		D35FEA3626166D5B00AF041D /* Sources */ = {
			isa = PBXSourcesBuildPhase;
			buildActionMask = 2147483647;
			files = (
				D35FEA3E26166D5B00AF041D /* main.c in Sources */,
			);
			runOnlyForDeploymentPostprocessing = 0;
		};
/* End PBXSourcesBuildPhase section */

/* Begin XCBuildConfiguration section */
		D35FEA3F26166D5B00AF041D /* Debug */ = {
			isa = XCBuildConfiguration;
			buildSettings = {
				ALWAYS_SEARCH_USER_PATHS = NO;
				CLANG_ANALYZER_NONNULL = YES;
				CLANG_ANALYZER_NUMBER_OBJECT_CONVERSION = YES_AGGRESSIVE;
				CLANG_CXX_LANGUAGE_STANDARD = "gnu++14";
				CLANG_CXX_LIBRARY = "libc++";
				CLANG_ENABLE_MODULES = YES;
				CLANG_ENABLE_OBJC_ARC = YES;
				CLANG_ENABLE_OBJC_WEAK = YES;
				CLANG_WARN_BLOCK_CAPTURE_AUTORELEASING = YES;
				CLANG_WARN_BOOL_CONVERSION = YES;
				CLANG_WARN_COMMA = YES;
				CLANG_WARN_CONSTANT_CONVERSION = YES;
				CLANG_WARN_DEPRECATED_OBJC_IMPLEMENTATIONS = YES;
				CLANG_WARN_DIRECT_OBJC_ISA_USAGE = YES_ERROR;
				CLANG_WARN_DOCUMENTATION_COMMENTS = NO;
				CLANG_WARN_EMPTY_BODY = YES;
				CLANG_WARN_ENUM_CONVERSION = YES;
				CLANG_WARN_INFINITE_RECURSION = YES;
				CLANG_WARN_INT_CONVERSION = YES;
				CLANG_WARN_NON_LITERAL_NULL_CONVERSION = YES;
				CLANG_WARN_OBJC_IMPLICIT_RETAIN_SELF = YES;
				CLANG_WARN_OBJC_LITERAL_CONVERSION = YES;
				CLANG_WARN_OBJC_ROOT_CLASS = YES_ERROR;
				CLANG_WARN_QUOTED_INCLUDE_IN_FRAMEWORK_HEADER = YES;
				CLANG_WARN_RANGE_LOOP_ANALYSIS = YES;
				CLANG_WARN_STRICT_PROTOTYPES = YES;
				CLANG_WARN_SUSPICIOUS_MOVE = YES;
				CLANG_WARN_UNGUARDED_AVAILABILITY = YES_AGGRESSIVE;
				CLANG_WARN_UNREACHABLE_CODE = YES;
				CLANG_WARN__DUPLICATE_METHOD_MATCH = YES;
				COPY_PHASE_STRIP = NO;
				DEBUG_INFORMATION_FORMAT = dwarf;
				ENABLE_STRICT_OBJC_MSGSEND = YES;
				ENABLE_TESTABILITY = YES;
				GCC_C_LANGUAGE_STANDARD = gnu11;
				GCC_DYNAMIC_NO_PIC = NO;
				GCC_NO_COMMON_BLOCKS = YES;
				GCC_OPTIMIZATION_LEVEL = 0;
				GCC_PREPROCESSOR_DEFINITIONS = (
					"DEBUG=1",
					"$(inherited)",
				);
				GCC_WARN_64_TO_32_BIT_CONVERSION = YES;
				GCC_WARN_ABOUT_RETURN_TYPE = YES_ERROR;
				GCC_WARN_UNDECLARED_SELECTOR = YES;
				GCC_WARN_UNINITIALIZED_AUTOS = YES_AGGRESSIVE;
				GCC_WARN_UNUSED_FUNCTION = YES;
				GCC_WARN_UNUSED_VARIABLE = YES;
				HEADER_SEARCH_PATHS = (
					"/Users/peterhub/gtk/inst/include/gtk-3.0",
					"/Users/peterhub/gtk/inst/include/gio-unix-2.0",
					/Users/peterhub/gtk/inst/include/cairo,
					"/Users/peterhub/gtk/inst/include/pango-1.0",
					/Users/peterhub/gtk/inst/include/fribidi,
					"/Users/peterhub/gtk/inst/include/atk-1.0",
					/Users/peterhub/gtk/inst/include/cairo,
					"/Users/peterhub/gtk/inst/include/pixman-1",
					/Users/peterhub/gtk/inst/include/freetype2,
					/Users/peterhub/gtk/inst/include/harfbuzz,
					/Users/peterhub/gtk/inst/include/libpng16,
					"/Users/peterhub/gtk/inst/include/gdk-pixbuf-2.0",
					"/Users/peterhub/gtk/inst/include/glib-2.0",
					"/Users/peterhub/gtk/inst/lib/glib-2.0/include",
				);
				LIBRARY_SEARCH_PATHS = /Users/peterhub/gtk/inst/lib;
				MACOSX_DEPLOYMENT_TARGET = 11.1;
				MTL_ENABLE_DEBUG_INFO = INCLUDE_SOURCE;
				MTL_FAST_MATH = YES;
				ONLY_ACTIVE_ARCH = YES;
				SDKROOT = macosx;
			};
			name = Debug;
		};
		D35FEA4026166D5B00AF041D /* Release */ = {
			isa = XCBuildConfiguration;
			buildSettings = {
				ALWAYS_SEARCH_USER_PATHS = NO;
				CLANG_ANALYZER_NONNULL = YES;
				CLANG_ANALYZER_NUMBER_OBJECT_CONVERSION = YES_AGGRESSIVE;
				CLANG_CXX_LANGUAGE_STANDARD = "gnu++14";
				CLANG_CXX_LIBRARY = "libc++";
				CLANG_ENABLE_MODULES = YES;
				CLANG_ENABLE_OBJC_ARC = YES;
				CLANG_ENABLE_OBJC_WEAK = YES;
				CLANG_WARN_BLOCK_CAPTURE_AUTORELEASING = YES;
				CLANG_WARN_BOOL_CONVERSION = YES;
				CLANG_WARN_COMMA = YES;
				CLANG_WARN_CONSTANT_CONVERSION = YES;
				CLANG_WARN_DEPRECATED_OBJC_IMPLEMENTATIONS = YES;
				CLANG_WARN_DIRECT_OBJC_ISA_USAGE = YES_ERROR;
				CLANG_WARN_DOCUMENTATION_COMMENTS = NO;
				CLANG_WARN_EMPTY_BODY = YES;
				CLANG_WARN_ENUM_CONVERSION = YES;
				CLANG_WARN_INFINITE_RECURSION = YES;
				CLANG_WARN_INT_CONVERSION = YES;
				CLANG_WARN_NON_LITERAL_NULL_CONVERSION = YES;
				CLANG_WARN_OBJC_IMPLICIT_RETAIN_SELF = YES;
				CLANG_WARN_OBJC_LITERAL_CONVERSION = YES;
				CLANG_WARN_OBJC_ROOT_CLASS = YES_ERROR;
				CLANG_WARN_QUOTED_INCLUDE_IN_FRAMEWORK_HEADER = YES;
				CLANG_WARN_RANGE_LOOP_ANALYSIS = YES;
				CLANG_WARN_STRICT_PROTOTYPES = YES;
				CLANG_WARN_SUSPICIOUS_MOVE = YES;
				CLANG_WARN_UNGUARDED_AVAILABILITY = YES_AGGRESSIVE;
				CLANG_WARN_UNREACHABLE_CODE = YES;
				CLANG_WARN__DUPLICATE_METHOD_MATCH = YES;
				COPY_PHASE_STRIP = NO;
				DEBUG_INFORMATION_FORMAT = "dwarf-with-dsym";
				ENABLE_NS_ASSERTIONS = NO;
				ENABLE_STRICT_OBJC_MSGSEND = YES;
				GCC_C_LANGUAGE_STANDARD = gnu11;
				GCC_NO_COMMON_BLOCKS = YES;
				GCC_WARN_64_TO_32_BIT_CONVERSION = YES;
				GCC_WARN_ABOUT_RETURN_TYPE = YES_ERROR;
				GCC_WARN_UNDECLARED_SELECTOR = YES;
				GCC_WARN_UNINITIALIZED_AUTOS = YES_AGGRESSIVE;
				GCC_WARN_UNUSED_FUNCTION = YES;
				GCC_WARN_UNUSED_VARIABLE = YES;
				HEADER_SEARCH_PATHS = (
					"/Users/peterhub/gtk/inst/include/gtk-3.0",
					"/Users/peterhub/gtk/inst/include/gio-unix-2.0",
					/Users/peterhub/gtk/inst/include/cairo,
					"/Users/peterhub/gtk/inst/include/pango-1.0",
					/Users/peterhub/gtk/inst/include/fribidi,
					"/Users/peterhub/gtk/inst/include/atk-1.0",
					/Users/peterhub/gtk/inst/include/cairo,
					"/Users/peterhub/gtk/inst/include/pixman-1",
					/Users/peterhub/gtk/inst/include/freetype2,
					/Users/peterhub/gtk/inst/include/harfbuzz,
					/Users/peterhub/gtk/inst/include/libpng16,
					"/Users/peterhub/gtk/inst/include/gdk-pixbuf-2.0",
					"/Users/peterhub/gtk/inst/include/glib-2.0",
					"/Users/peterhub/gtk/inst/lib/glib-2.0/include",
				);
				LIBRARY_SEARCH_PATHS = /Users/peterhub/gtk/inst/lib;
				MACOSX_DEPLOYMENT_TARGET = 11.1;
				MTL_ENABLE_DEBUG_INFO = NO;
				MTL_FAST_MATH = YES;
				SDKROOT = macosx;
			};
			name = Release;
		};
		D35FEA4226166D5B00AF041D /* Debug */ = {
			isa = XCBuildConfiguration;
			buildSettings = {
				CODE_SIGN_ENTITLEMENTS = GTK3_Test/GTK3_Test.entitlements;
				CODE_SIGN_STYLE = Automatic;
				DEVELOPMENT_TEAM = 3R3HXUUS44;
				ENABLE_HARDENED_RUNTIME = YES;
				PRODUCT_NAME = "$(TARGET_NAME)";
			};
			name = Debug;
		};
		D35FEA4326166D5B00AF041D /* Release */ = {
			isa = XCBuildConfiguration;
			buildSettings = {
				CODE_SIGN_ENTITLEMENTS = GTK3_Test/GTK3_Test.entitlements;
				CODE_SIGN_STYLE = Automatic;
				DEVELOPMENT_TEAM = 3R3HXUUS44;
				ENABLE_HARDENED_RUNTIME = YES;
				PRODUCT_NAME = "$(TARGET_NAME)";
			};
			name = Release;
		};
/* End XCBuildConfiguration section */

/* Begin XCConfigurationList section */
		D35FEA3526166D5B00AF041D /* Build configuration list for PBXProject "GTK3_Test" */ = {
			isa = XCConfigurationList;
			buildConfigurations = (
				D35FEA3F26166D5B00AF041D /* Debug */,
				D35FEA4026166D5B00AF041D /* Release */,
			);
			defaultConfigurationIsVisible = 0;
			defaultConfigurationName = Release;
		};
		D35FEA4126166D5B00AF041D /* Build configuration list for PBXNativeTarget "GTK3_Test" */ = {
			isa = XCConfigurationList;
			buildConfigurations = (
				D35FEA4226166D5B00AF041D /* Debug */,
				D35FEA4326166D5B00AF041D /* Release */,
			);
			defaultConfigurationIsVisible = 0;
			defaultConfigurationName = Release;
		};
/* End XCConfigurationList section */
	};
	rootObject = D35FEA3226166D5B00AF041D /* Project object */;
}
